
Microsoft Visual Studio Solution File, Format Version 12.00
Project("{FAE04EC0-301F-11D3-BF4B-00C04F79EFBC}") = "PrisonerCaravanFix", "PrisonerCaravanFix.csproj", "{7EA53611-8505-4187-BC86-C655A135AAAA}"
EndProject
Global
	GlobalSection(SolutionConfigurationPlatforms) = preSolution
		Debug|Any CPU = Debug|Any CPU
		Release|Any CPU = Release|Any CPU
	EndGlobalSection
	GlobalSection(ProjectConfigurationPlatforms) = postSolution
		{7EA53611-8505-4187-BC86-C655A135AAAA}.Debug|Any CPU.ActiveCfg = Debug|Any CPU
		{7EA53611-8505-4187-BC86-C655A135AAAA}.Debug|Any CPU.Build.0 = Debug|Any CPU
		{7EA53611-8505-4187-BC86-C655A135AAAA}.Release|Any CPU.ActiveCfg = Release|Any CPU
		{7EA53611-8505-4187-BC86-C655A135AAAA}.Release|Any CPU.Build.0 = Release|Any CPU
	EndGlobalSection
EndGlobal
